
Microsoft Visual Studio Solution File, Format Version 12.00
# Visual Studio Version 17
VisualStudioVersion = 17.14.36429.23
MinimumVisualStudioVersion = 10.0.40219.1
Project("{FAE04EC0-301F-11D3-BF4B-00C04F79EFBC}") = "CampusLearn.Code.Library", "Library\CampusLearn.Library\CampusLearn.Code.Library.csproj", "{261D8DEB-5887-4D7B-97A4-188EBA3D36A9}"
EndProject
Project("{FAE04EC0-301F-11D3-BF4B-00C04F79EFBC}") = "CampusLearn.UserProfileManagement.API", "UserProfileManagementMicroservice\CampusLearn.UserProfileManagement.API\CampusLearn.UserProfileManagement.API.csproj", "{5887A6C0-D10E-4D92-8E8C-7086256A0810}"
EndProject
Project("{FAE04EC0-301F-11D3-BF4B-00C04F79EFBC}") = "CampusLearn.TopicsManagement.API", "TopicsManagementMicroservice\CampusLearn.TopicsManagement.API\CampusLearn.TopicsManagement.API.csproj", "{09017590-3902-4898-AA05-B51D65A83059}"
EndProject
Project("{FAE04EC0-301F-11D3-BF4B-00C04F79EFBC}") = "CampusLearn.ForumManagement.API", "ForumManagementMicroservices\CampusLearn.ForumManagement.API\CampusLearn.ForumManagement.API.csproj", "{5E918121-7374-4402-B3E2-72F9B7D06CF2}"
EndProject
Project("{FAE04EC0-301F-11D3-BF4B-00C04F79EFBC}") = "CampusLearn.Notifications.API", "NotificationsMicroservice\CampusLearn.Notifications.API\CampusLearn.Notifications.API.csproj", "{A013C2D9-22DA-4A37-B405-DAF7688170D9}"
EndProject
Project("{FAE04EC0-301F-11D3-BF4B-00C04F79EFBC}") = "CampusLearn.MediaContent.API", "MediaContentMicroservice\CampusLearn.MediaContent.API\CampusLearn.MediaContent.API.csproj", "{62018438-DD06-4BC7-B82C-359C3C3022E4}"
EndProject
Project("{FAE04EC0-301F-11D3-BF4B-00C04F79EFBC}") = "CampusLearn.PrivateMessaging.API", "PrivateMessagingMicroservice\CampusLearn.PrivateMessaging.API\CampusLearn.PrivateMessaging.API.csproj", "{CF64FC12-CDC5-40AA-BC8D-7B14A4A25C44}"
EndProject
Project("{FAE04EC0-301F-11D3-BF4B-00C04F79EFBC}") = "CampusLearn.YarpGateway.ReverseProxy.API", "GatewayMicroservice\CampusLearn.YarpGateway.ReverseProxy.API\CampusLearn.YarpGateway.ReverseProxy.API.csproj", "{935026BF-796C-45F3-9546-1D62D91940E2}"
EndProject
Global
	GlobalSection(SolutionConfigurationPlatforms) = preSolution
		Debug|Any CPU = Debug|Any CPU
		Release|Any CPU = Release|Any CPU
	EndGlobalSection
	GlobalSection(ProjectConfigurationPlatforms) = postSolution
		{261D8DEB-5887-4D7B-97A4-188EBA3D36A9}.Debug|Any CPU.ActiveCfg = Debug|Any CPU
		{261D8DEB-5887-4D7B-97A4-188EBA3D36A9}.Debug|Any CPU.Build.0 = Debug|Any CPU
		{261D8DEB-5887-4D7B-97A4-188EBA3D36A9}.Release|Any CPU.ActiveCfg = Release|Any CPU
		{261D8DEB-5887-4D7B-97A4-188EBA3D36A9}.Release|Any CPU.Build.0 = Release|Any CPU
		{5887A6C0-D10E-4D92-8E8C-7086256A0810}.Debug|Any CPU.ActiveCfg = Debug|Any CPU
		{5887A6C0-D10E-4D92-8E8C-7086256A0810}.Debug|Any CPU.Build.0 = Debug|Any CPU
		{5887A6C0-D10E-4D92-8E8C-7086256A0810}.Release|Any CPU.ActiveCfg = Release|Any CPU
		{5887A6C0-D10E-4D92-8E8C-7086256A0810}.Release|Any CPU.Build.0 = Release|Any CPU
		{09017590-3902-4898-AA05-B51D65A83059}.Debug|Any CPU.ActiveCfg = Debug|Any CPU
		{09017590-3902-4898-AA05-B51D65A83059}.Debug|Any CPU.Build.0 = Debug|Any CPU
		{09017590-3902-4898-AA05-B51D65A83059}.Release|Any CPU.ActiveCfg = Release|Any CPU
		{09017590-3902-4898-AA05-B51D65A83059}.Release|Any CPU.Build.0 = Release|Any CPU
		{5E918121-7374-4402-B3E2-72F9B7D06CF2}.Debug|Any CPU.ActiveCfg = Debug|Any CPU
		{5E918121-7374-4402-B3E2-72F9B7D06CF2}.Debug|Any CPU.Build.0 = Debug|Any CPU
		{5E918121-7374-4402-B3E2-72F9B7D06CF2}.Release|Any CPU.ActiveCfg = Release|Any CPU
		{5E918121-7374-4402-B3E2-72F9B7D06CF2}.Release|Any CPU.Build.0 = Release|Any CPU
		{A013C2D9-22DA-4A37-B405-DAF7688170D9}.Debug|Any CPU.ActiveCfg = Debug|Any CPU
		{A013C2D9-22DA-4A37-B405-DAF7688170D9}.Debug|Any CPU.Build.0 = Debug|Any CPU
		{A013C2D9-22DA-4A37-B405-DAF7688170D9}.Release|Any CPU.ActiveCfg = Release|Any CPU
		{A013C2D9-22DA-4A37-B405-DAF7688170D9}.Release|Any CPU.Build.0 = Release|Any CPU
		{62018438-DD06-4BC7-B82C-359C3C3022E4}.Debug|Any CPU.ActiveCfg = Debug|Any CPU
		{62018438-DD06-4BC7-B82C-359C3C3022E4}.Debug|Any CPU.Build.0 = Debug|Any CPU
		{62018438-DD06-4BC7-B82C-359C3C3022E4}.Release|Any CPU.ActiveCfg = Release|Any CPU
		{62018438-DD06-4BC7-B82C-359C3C3022E4}.Release|Any CPU.Build.0 = Release|Any CPU
		{CF64FC12-CDC5-40AA-BC8D-7B14A4A25C44}.Debug|Any CPU.ActiveCfg = Debug|Any CPU
		{CF64FC12-CDC5-40AA-BC8D-7B14A4A25C44}.Debug|Any CPU.Build.0 = Debug|Any CPU
		{CF64FC12-CDC5-40AA-BC8D-7B14A4A25C44}.Release|Any CPU.ActiveCfg = Release|Any CPU
		{CF64FC12-CDC5-40AA-BC8D-7B14A4A25C44}.Release|Any CPU.Build.0 = Release|Any CPU
		{935026BF-796C-45F3-9546-1D62D91940E2}.Debug|Any CPU.ActiveCfg = Debug|Any CPU
		{935026BF-796C-45F3-9546-1D62D91940E2}.Debug|Any CPU.Build.0 = Debug|Any CPU
		{935026BF-796C-45F3-9546-1D62D91940E2}.Release|Any CPU.ActiveCfg = Release|Any CPU
		{935026BF-796C-45F3-9546-1D62D91940E2}.Release|Any CPU.Build.0 = Release|Any CPU
	EndGlobalSection
	GlobalSection(SolutionProperties) = preSolution
		HideSolutionNode = FALSE
	EndGlobalSection
	GlobalSection(ExtensibilityGlobals) = postSolution
		SolutionGuid = {D66649EE-4A22-49C2-9793-D4208201FC39}
	EndGlobalSection
EndGlobal
